{
  "sources": {
    "mysql": {
      "locked_version": "4.0.6"
    },
    "database": {
      "locked_version": "1.5.2"
    },
    "logrotate": {
      "locked_version": "1.4.0"
    },
    "apache2": {
      "locked_version": "1.8.4"
    },
    "nginx": {
      "locked_version": "0.101.6"
    },
    "postfix": {
      "locked_version": "3.0.2"
    },
    "xml": {
      "locked_version": "1.2.0"
    },
    "git": {
      "locked_version": "2.7.0"
    },
    "subversion": {
      "locked_version": "1.1.0"
    },
    "vim": {
      "locked_version": "1.0.2"
    },
    "sudo": {
      "locked_version": "2.2.2"
    },
    "nodejs": {
      "locked_version": "1.3.0",
      "git": "git://github.com/mdxp/nodejs-cookbook.git",
      "ref": "4c685529e7a8db0222b17407367e8b309afd3137"
    },
    "redisio": {
      "locked_version": "1.7.0",
      "git": "git://github.com/brianbianco/redisio.git",
      "ref": "be95852f73dcc9a8ef48db394044525ca48cfd70"
    },
    "timezone-ii": {
      "locked_version": "0.2.0",
      "git": "git://github.com/L2G/timezone-ii.git",
      "ref": "97ff6559a1d87b8db9b536bfc32195245aadcda7"
    },
    "wp": {
      "locked_version": "0.1.0",
      "git": "git://github.com/ptahdunbar/wp-cookbook.git",
      "ref": "8a0d54ae3b655d43d6a4b85a6036648c8fc8d3bb"
    },
    "php": {
      "locked_version": "0.1.0",
      "git": "git://github.com/ptahdunbar/php-cookbook.git",
      "ref": "66e8fcfba8c377afc6ecfe6745992bd0588be8c9"
    },
    "base": {
      "locked_version": "1.0.0",
      "git": "git://github.com/ptahdunbar/base-cookbook.git",
      "ref": "6ebb3e6f55bfc8c7f3a12ee61c99ed95675dbbcb"
    },
    "database_server": {
      "locked_version": "0.1.0",
      "git": "git://github.com/ptahdunbar/database_server-cookbook.git",
      "ref": "f5e8250e0dfe4ba7c9a63a06404c7ff7b9452b42"
    },
    "web_server": {
      "locked_version": "0.1.0",
      "git": "git://github.com/ptahdunbar/web_server-cookbook.git",
      "ref": "8356e1ae7c15f25db1cfb33dfa6251d0e7f97a50"
    },
    "openssl": {
      "locked_version": "1.1.0"
    },
    "build-essential": {
      "locked_version": "1.4.2"
    },
    "postgresql": {
      "locked_version": "3.3.4"
    },
    "apt": {
      "locked_version": "2.3.0"
    },
    "aws": {
      "locked_version": "1.0.0"
    },
    "xfs": {
      "locked_version": "1.1.0"
    },
    "runit": {
      "locked_version": "1.4.0"
    },
    "yum": {
      "locked_version": "2.4.2"
    },
    "bluepill": {
      "locked_version": "2.3.0"
    },
    "rsyslog": {
      "locked_version": "1.9.0"
    },
    "ohai": {
      "locked_version": "1.0.2"
    },
    "dmg": {
      "locked_version": "2.0.8"
    },
    "windows": {
      "locked_version": "1.11.0"
    },
    "chef_handler": {
      "locked_version": "1.1.4"
    },
    "ulimit": {
      "locked_version": "0.3.2"
    },
    "ntp": {
      "locked_version": "1.5.0"
    },
    "ssh_known_hosts": {
      "locked_version": "1.1.0"
    },
    "partial_search": {
      "locked_version": "1.0.6"
    }
  }
}
